
Microsoft Visual Studio Solution File, Format Version 12.00
# Visual Studio Version 17
VisualStudioVersion = 17.4.33110.190
MinimumVisualStudioVersion = 10.0.40219.1
Project("{FAE04EC0-301F-11D3-BF4B-00C04F79EFBC}") = "DesignPrincipless", "DesignPrincipless\DesignPrincipless.csproj", "{989C0E43-908C-4684-8491-64202A596A8F}"
EndProject
Global
	GlobalSection(SolutionConfigurationPlatforms) = preSolution
		Debug|Any CPU = Debug|Any CPU
		Release|Any CPU = Release|Any CPU
	EndGlobalSection
	GlobalSection(ProjectConfigurationPlatforms) = postSolution
		{989C0E43-908C-4684-8491-64202A596A8F}.Debug|Any CPU.ActiveCfg = Debug|Any CPU
		{989C0E43-908C-4684-8491-64202A596A8F}.Debug|Any CPU.Build.0 = Debug|Any CPU
		{989C0E43-908C-4684-8491-64202A596A8F}.Release|Any CPU.ActiveCfg = Release|Any CPU
		{989C0E43-908C-4684-8491-64202A596A8F}.Release|Any CPU.Build.0 = Release|Any CPU
	EndGlobalSection
	GlobalSection(SolutionProperties) = preSolution
		HideSolutionNode = FALSE
	EndGlobalSection
	GlobalSection(ExtensibilityGlobals) = postSolution
		SolutionGuid = {B5690B71-82EE-4E48-8152-83CA97F2CD4A}
	EndGlobalSection
EndGlobal
